# THIS IS AN AUTOGENERATED FILE. DO NOT EDIT THIS FILE DIRECTLY.
# yarn lockfile v1


"@ethersproject/abi@5.5.0", "@ethersproject/abi@^5.5.0":
  version "5.5.0"
  resolved "https://registry.yarnpkg.com/@ethersproject/abi/-/abi-5.5.0.tgz#fb52820e22e50b854ff15ce1647cc508d6660613"
  integrity sha512-loW7I4AohP5KycATvc0MgujU6JyCHPqHdeoo9z3Nr9xEiNioxa65ccdm1+fsoJhkuhdRtfcL8cfyGamz2AxZ5w==
  dependencies:
    "@ethersproject/address" "^5.5.0"
    "@ethersproject/bignumber" "^5.5.0"
    "@ethersproject/bytes" "^5.5.0"
    "@ethersproject/constants" "^5.5.0"
    "@ethersproject/hash" "^5.5.0"
    "@ethersproject/keccak256" "^5.5.0"
    "@ethersproject/logger" "^5.5.0"
    "@ethersproject/properties" "^5.5.0"
    "@ethersproject/strings" "^5.5.0"

"@ethersproject/abstract-provider@5.5.1", "@ethersproject/abstract-provider@^5.5.0":
  version "5.5.1"
  resolved "https://registry.yarnpkg.com/@ethersproject/abstract-provider/-/abstract-provider-5.5.1.tgz#2f1f6e8a3ab7d378d8ad0b5718460f85649710c5"
  integrity sha512-m+MA/ful6eKbxpr99xUYeRvLkfnlqzrF8SZ46d/xFB1A7ZVknYc/sXJG0RcufF52Qn2jeFj1hhcoQ7IXjNKUqg==
  dependencies:
    "@ethersproject/bignumber" "^5.5.0"
    "@ethersproject/bytes" "^5.5.0"
    "@ethersproject/logger" "^5.5.0"
    "@ethersproject/networks" "^5.5.0"
    "@ethersproject/properties" "^5.5.0"
    "@ethersproject/transactions" "^5.5.0"
    "@ethersproject/web" "^5.5.0"

"@ethersproject/abstract-signer@5.5.0", "@ethersproject/abstract-signer@^5.5.0":
  version "5.5.0"
  resolved "https://registry.yarnpkg.com/@ethersproject/abstract-signer/-/abstract-signer-5.5.0.tgz#590ff6693370c60ae376bf1c7ada59eb2a8dd08d"
  integrity sha512-lj//7r250MXVLKI7sVarXAbZXbv9P50lgmJQGr2/is82EwEb8r7HrxsmMqAjTsztMYy7ohrIhGMIml+Gx4D3mA==
  dependencies:
    "@ethersproject/abstract-provider" "^5.5.0"
    "@ethersproject/bignumber" "^5.5.0"
    "@ethersproject/bytes" "^5.5.0"
    "@ethersproject/logger" "^5.5.0"
    "@ethersproject/properties" "^5.5.0"

"@ethersproject/address@5.5.0", "@ethersproject/address@^5.5.0":
  version "5.5.0"
  resolved "https://registry.yarnpkg.com/@ethersproject/address/-/address-5.5.0.tgz#bcc6f576a553f21f3dd7ba17248f81b473c9c78f"
  integrity sha512-l4Nj0eWlTUh6ro5IbPTgbpT4wRbdH5l8CQf7icF7sb/SI3Nhd9Y9HzhonTSTi6CefI0necIw7LJqQPopPLZyWw==
  dependencies:
    "@ethersproject/bignumber" "^5.5.0"
    "@ethersproject/bytes" "^5.5.0"
    "@ethersproject/keccak256" "^5.5.0"
    "@ethersproject/logger" "^5.5.0"
    "@ethersproject/rlp" "^5.5.0"

"@ethersproject/base64@5.5.0", "@ethersproject/base64@^5.5.0":
  version "5.5.0"
  resolved "https://registry.yarnpkg.com/@ethersproject/base64/-/base64-5.5.0.tgz#881e8544e47ed976930836986e5eb8fab259c090"
  integrity sha512-tdayUKhU1ljrlHzEWbStXazDpsx4eg1dBXUSI6+mHlYklOXoXF6lZvw8tnD6oVaWfnMxAgRSKROg3cVKtCcppA==
  dependencies:
    "@ethersproject/bytes" "^5.5.0"

"@ethersproject/basex@5.5.0", "@ethersproject/basex@^5.5.0":
  version "5.5.0"
  resolved "https://registry.yarnpkg.com/@ethersproject/basex/-/basex-5.5.0.tgz#e40a53ae6d6b09ab4d977bd037010d4bed21b4d3"
  integrity sha512-ZIodwhHpVJ0Y3hUCfUucmxKsWQA5TMnavp5j/UOuDdzZWzJlRmuOjcTMIGgHCYuZmHt36BfiSyQPSRskPxbfaQ==
  dependencies:
    "@ethersproject/bytes" "^5.5.0"
    "@ethersproject/properties" "^5.5.0"

"@ethersproject/bignumber@5.5.0", "@ethersproject/bignumber@^5.5.0":
  version "5.5.0"
  resolved "https://registry.yarnpkg.com/@ethersproject/bignumber/-/bignumber-5.5.0.tgz#875b143f04a216f4f8b96245bde942d42d279527"
  integrity sha512-6Xytlwvy6Rn3U3gKEc1vP7nR92frHkv6wtVr95LFR3jREXiCPzdWxKQ1cx4JGQBXxcguAwjA8murlYN2TSiEbg==
  dependencies:
    "@ethersproject/bytes" "^5.5.0"
    "@ethersproject/logger" "^5.5.0"
    bn.js "^4.11.9"

"@ethersproject/bytes@5.5.0", "@ethersproject/bytes@^5.5.0":
  version "5.5.0"
  resolved "https://registry.yarnpkg.com/@ethersproject/bytes/-/bytes-5.5.0.tgz#cb11c526de657e7b45d2e0f0246fb3b9d29a601c"
  integrity sha512-ABvc7BHWhZU9PNM/tANm/Qx4ostPGadAuQzWTr3doklZOhDlmcBqclrQe/ZXUIj3K8wC28oYeuRa+A37tX9kog==
  dependencies:
    "@ethersproject/logger" "^5.5.0"

"@ethersproject/constants@5.5.0", "@ethersproject/constants@^5.5.0":
  version "5.5.0"
  resolved "https://registry.yarnpkg.com/@ethersproject/constants/-/constants-5.5.0.tgz#d2a2cd7d94bd1d58377d1d66c4f53c9be4d0a45e"
  integrity sha512-2MsRRVChkvMWR+GyMGY4N1sAX9Mt3J9KykCsgUFd/1mwS0UH1qw+Bv9k1UJb3X3YJYFco9H20pjSlOIfCG5HYQ==
  dependencies:
    "@ethersproject/bignumber" "^5.5.0"

"@ethersproject/contracts@5.5.0":
  version "5.5.0"
  resolved "https://registry.yarnpkg.com/@ethersproject/contracts/-/contracts-5.5.0.tgz#b735260d4bd61283a670a82d5275e2a38892c197"
  integrity sha512-2viY7NzyvJkh+Ug17v7g3/IJC8HqZBDcOjYARZLdzRxrfGlRgmYgl6xPRKVbEzy1dWKw/iv7chDcS83pg6cLxg==
  dependencies:
    "@ethersproject/abi" "^5.5.0"
    "@ethersproject/abstract-provider" "^5.5.0"
    "@ethersproject/abstract-signer" "^5.5.0"
    "@ethersproject/address" "^5.5.0"
    "@ethersproject/bignumber" "^5.5.0"
    "@ethersproject/bytes" "^5.5.0"
    "@ethersproject/constants" "^5.5.0"
    "@ethersproject/logger" "^5.5.0"
    "@ethersproject/properties" "^5.5.0"
    "@ethersproject/transactions" "^5.5.0"

"@ethersproject/hash@5.5.0", "@ethersproject/hash@^5.5.0":
  version "5.5.0"
  resolved "https://registry.yarnpkg.com/@ethersproject/hash/-/hash-5.5.0.tgz#7cee76d08f88d1873574c849e0207dcb32380cc9"
  integrity sha512-dnGVpK1WtBjmnp3mUT0PlU2MpapnwWI0PibldQEq1408tQBAbZpPidkWoVVuNMOl/lISO3+4hXZWCL3YV7qzfg==
  dependencies:
    "@ethersproject/abstract-signer" "^5.5.0"
    "@ethersproject/address" "^5.5.0"
    "@ethersproject/bignumber" "^5.5.0"
    "@ethersproject/bytes" "^5.5.0"
    "@ethersproject/keccak256" "^5.5.0"
    "@ethersproject/logger" "^5.5.0"
    "@ethersproject/properties" "^5.5.0"
    "@ethersproject/strings" "^5.5.0"

"@ethersproject/hdnode@5.5.0", "@ethersproject/hdnode@^5.5.0":
  version "5.5.0"
  resolved "https://registry.yarnpkg.com/@ethersproject/hdnode/-/hdnode-5.5.0.tgz#4a04e28f41c546f7c978528ea1575206a200ddf6"
  integrity sha512-mcSOo9zeUg1L0CoJH7zmxwUG5ggQHU1UrRf8jyTYy6HxdZV+r0PBoL1bxr+JHIPXRzS6u/UW4mEn43y0tmyF8Q==
  dependencies:
    "@ethersproject/abstract-signer" "^5.5.0"
    "@ethersproject/basex" "^5.5.0"
    "@ethersproject/bignumber" "^5.5.0"
    "@ethersproject/bytes" "^5.5.0"
    "@ethersproject/logger" "^5.5.0"
    "@ethersproject/pbkdf2" "^5.5.0"
    "@ethersproject/properties" "^5.5.0"
    "@ethersproject/sha2" "^5.5.0"
    "@ethersproject/signing-key" "^5.5.0"
    "@ethersproject/strings" "^5.5.0"
    "@ethersproject/transactions" "^5.5.0"
    "@ethersproject/wordlists" "^5.5.0"

"@ethersproject/json-wallets@5.5.0", "@ethersproject/json-wallets@^5.5.0":
  version "5.5.0"
  resolved "https://registry.yarnpkg.com/@ethersproject/json-wallets/-/json-wallets-5.5.0.tgz#dd522d4297e15bccc8e1427d247ec8376b60e325"
  integrity sha512-9lA21XQnCdcS72xlBn1jfQdj2A1VUxZzOzi9UkNdnokNKke/9Ya2xA9aIK1SC3PQyBDLt4C+dfps7ULpkvKikQ==
  dependencies:
    "@ethersproject/abstract-signer" "^5.5.0"
    "@ethersproject/address" "^5.5.0"
    "@ethersproject/bytes" "^5.5.0"
    "@ethersproject/hdnode" "^5.5.0"
    "@ethersproject/keccak256" "^5.5.0"
    "@ethersproject/logger" "^5.5.0"
    "@ethersproject/pbkdf2" "^5.5.0"
    "@ethersproject/properties" "^5.5.0"
    "@ethersproject/random" "^5.5.0"
    "@ethersproject/strings" "^5.5.0"
    "@ethersproject/transactions" "^5.5.0"
    aes-js "3.0.0"
    scrypt-js "3.0.1"

"@ethersproject/keccak256@5.5.0", "@ethersproject/keccak256@^5.5.0":
  version "5.5.0"
  resolved "https://registry.yarnpkg.com/@ethersproject/keccak256/-/keccak256-5.5.0.tgz#e4b1f9d7701da87c564ffe336f86dcee82983492"
  integrity sha512-5VoFCTjo2rYbBe1l2f4mccaRFN/4VQEYFwwn04aJV2h7qf4ZvI2wFxUE1XOX+snbwCLRzIeikOqtAoPwMza9kg==
  dependencies:
    "@ethersproject/bytes" "^5.5.0"
    js-sha3 "0.8.0"

"@ethersproject/logger@5.5.0", "@ethersproject/logger@^5.5.0":
  version "5.5.0"
  resolved "https://registry.yarnpkg.com/@ethersproject/logger/-/logger-5.5.0.tgz#0c2caebeff98e10aefa5aef27d7441c7fd18cf5d"
  integrity sha512-rIY/6WPm7T8n3qS2vuHTUBPdXHl+rGxWxW5okDfo9J4Z0+gRRZT0msvUdIJkE4/HS29GUMziwGaaKO2bWONBrg==

"@ethersproject/networks@5.5.2", "@ethersproject/networks@^5.5.0":
  version "5.5.2"
  resolved "https://registry.yarnpkg.com/@ethersproject/networks/-/networks-5.5.2.tgz#784c8b1283cd2a931114ab428dae1bd00c07630b"
  integrity sha512-NEqPxbGBfy6O3x4ZTISb90SjEDkWYDUbEeIFhJly0F7sZjoQMnj5KYzMSkMkLKZ+1fGpx00EDpHQCy6PrDupkQ==
  dependencies:
    "@ethersproject/logger" "^5.5.0"

"@ethersproject/pbkdf2@5.5.0", "@ethersproject/pbkdf2@^5.5.0":
  version "5.5.0"
  resolved "https://registry.yarnpkg.com/@ethersproject/pbkdf2/-/pbkdf2-5.5.0.tgz#e25032cdf02f31505d47afbf9c3e000d95c4a050"
  integrity sha512-SaDvQFvXPnz1QGpzr6/HToLifftSXGoXrbpZ6BvoZhmx4bNLHrxDe8MZisuecyOziP1aVEwzC2Hasj+86TgWVg==
  dependencies:
    "@ethersproject/bytes" "^5.5.0"
    "@ethersproject/sha2" "^5.5.0"

"@ethersproject/properties@5.5.0", "@ethersproject/properties@^5.5.0":
  version "5.5.0"
  resolved "https://registry.yarnpkg.com/@ethersproject/properties/-/properties-5.5.0.tgz#61f00f2bb83376d2071baab02245f92070c59995"
  integrity sha512-l3zRQg3JkD8EL3CPjNK5g7kMx4qSwiR60/uk5IVjd3oq1MZR5qUg40CNOoEJoX5wc3DyY5bt9EbMk86C7x0DNA==
  dependencies:
    "@ethersproject/logger" "^5.5.0"

"@ethersproject/providers@5.5.3":
  version "5.5.3"
  resolved "https://registry.yarnpkg.com/@ethersproject/providers/-/providers-5.5.3.tgz#56c2b070542ac44eb5de2ed3cf6784acd60a3130"
  integrity sha512-ZHXxXXXWHuwCQKrgdpIkbzMNJMvs+9YWemanwp1fA7XZEv7QlilseysPvQe0D7Q7DlkJX/w/bGA1MdgK2TbGvA==
  dependencies:
    "@ethersproject/abstract-provider" "^5.5.0"
    "@ethersproject/abstract-signer" "^5.5.0"
    "@ethersproject/address" "^5.5.0"
    "@ethersproject/basex" "^5.5.0"
    "@ethersproject/bignumber" "^5.5.0"
    "@ethersproject/bytes" "^5.5.0"
    "@ethersproject/constants" "^5.5.0"
    "@ethersproject/hash" "^5.5.0"
    "@ethersproject/logger" "^5.5.0"
    "@ethersproject/networks" "^5.5.0"
    "@ethersproject/properties" "^5.5.0"
    "@ethersproject/random" "^5.5.0"
    "@ethersproject/rlp" "^5.5.0"
    "@ethersproject/sha2" "^5.5.0"
    "@ethersproject/strings" "^5.5.0"
    "@ethersproject/transactions" "^5.5.0"
    "@ethersproject/web" "^5.5.0"
    bech32 "1.1.4"
    ws "7.4.6"

"@ethersproject/random@5.5.1", "@ethersproject/random@^5.5.0":
  version "5.5.1"
  resolved "https://registry.yarnpkg.com/@ethersproject/random/-/random-5.5.1.tgz#7cdf38ea93dc0b1ed1d8e480ccdaf3535c555415"
  integrity sha512-YaU2dQ7DuhL5Au7KbcQLHxcRHfgyNgvFV4sQOo0HrtW3Zkrc9ctWNz8wXQ4uCSfSDsqX2vcjhroxU5RQRV0nqA==
  dependencies:
    "@ethersproject/bytes" "^5.5.0"
    "@ethersproject/logger" "^5.5.0"

"@ethersproject/rlp@5.5.0", "@ethersproject/rlp@^5.5.0":
  version "5.5.0"
  resolved "https://registry.yarnpkg.com/@ethersproject/rlp/-/rlp-5.5.0.tgz#530f4f608f9ca9d4f89c24ab95db58ab56ab99a0"
  integrity sha512-hLv8XaQ8PTI9g2RHoQGf/WSxBfTB/NudRacbzdxmst5VHAqd1sMibWG7SENzT5Dj3yZ3kJYx+WiRYEcQTAkcYA==
  dependencies:
    "@ethersproject/bytes" "^5.5.0"
    "@ethersproject/logger" "^5.5.0"

"@ethersproject/sha2@5.5.0", "@ethersproject/sha2@^5.5.0":
  version "5.5.0"
  resolved "https://registry.yarnpkg.com/@ethersproject/sha2/-/sha2-5.5.0.tgz#a40a054c61f98fd9eee99af2c3cc6ff57ec24db7"
  integrity sha512-B5UBoglbCiHamRVPLA110J+2uqsifpZaTmid2/7W5rbtYVz6gus6/hSDieIU/6gaKIDcOj12WnOdiymEUHIAOA==
  dependencies:
    "@ethersproject/bytes" "^5.5.0"
    "@ethersproject/logger" "^5.5.0"
    hash.js "1.1.7"

"@ethersproject/signing-key@5.5.0", "@ethersproject/signing-key@^5.5.0":
  version "5.5.0"
  resolved "https://registry.yarnpkg.com/@ethersproject/signing-key/-/signing-key-5.5.0.tgz#2aa37169ce7e01e3e80f2c14325f624c29cedbe0"
  integrity sha512-5VmseH7qjtNmDdZBswavhotYbWB0bOwKIlOTSlX14rKn5c11QmJwGt4GHeo7NrL/Ycl7uo9AHvEqs5xZgFBTng==
  dependencies:
    "@ethersproject/bytes" "^5.5.0"
    "@ethersproject/logger" "^5.5.0"
    "@ethersproject/properties" "^5.5.0"
    bn.js "^4.11.9"
    elliptic "6.5.4"
    hash.js "1.1.7"

"@ethersproject/solidity@5.5.0":
  version "5.5.0"
  resolved "https://registry.yarnpkg.com/@ethersproject/solidity/-/solidity-5.5.0.tgz#2662eb3e5da471b85a20531e420054278362f93f"
  integrity sha512-9NgZs9LhGMj6aCtHXhtmFQ4AN4sth5HuFXVvAQtzmm0jpSCNOTGtrHZJAeYTh7MBjRR8brylWZxBZR9zDStXbw==
  dependencies:
    "@ethersproject/bignumber" "^5.5.0"
    "@ethersproject/bytes" "^5.5.0"
    "@ethersproject/keccak256" "^5.5.0"
    "@ethersproject/logger" "^5.5.0"
    "@ethersproject/sha2" "^5.5.0"
    "@ethersproject/strings" "^5.5.0"

"@ethersproject/strings@5.5.0", "@ethersproject/strings@^5.5.0":
  version "5.5.0"
  resolved "https://registry.yarnpkg.com/@ethersproject/strings/-/strings-5.5.0.tgz#e6784d00ec6c57710755699003bc747e98c5d549"
  integrity sha512-9fy3TtF5LrX/wTrBaT8FGE6TDJyVjOvXynXJz5MT5azq+E6D92zuKNx7i29sWW2FjVOaWjAsiZ1ZWznuduTIIQ==
  dependencies:
    "@ethersproject/bytes" "^5.5.0"
    "@ethersproject/constants" "^5.5.0"
    "@ethersproject/logger" "^5.5.0"

"@ethersproject/transactions@5.5.0", "@ethersproject/transactions@^5.5.0":
  version "5.5.0"
  resolved "https://registry.yarnpkg.com/@ethersproject/transactions/-/transactions-5.5.0.tgz#7e9bf72e97bcdf69db34fe0d59e2f4203c7a2908"
  integrity sha512-9RZYSKX26KfzEd/1eqvv8pLauCKzDTub0Ko4LfIgaERvRuwyaNV78mJs7cpIgZaDl6RJui4o49lHwwCM0526zA==
  dependencies:
    "@ethersproject/address" "^5.5.0"
    "@ethersproject/bignumber" "^5.5.0"
    "@ethersproject/bytes" "^5.5.0"
    "@ethersproject/constants" "^5.5.0"
    "@ethersproject/keccak256" "^5.5.0"
    "@ethersproject/logger" "^5.5.0"
    "@ethersproject/properties" "^5.5.0"
    "@ethersproject/rlp" "^5.5.0"
    "@ethersproject/signing-key" "^5.5.0"

"@ethersproject/units@5.5.0":
  version "5.5.0"
  resolved "https://registry.yarnpkg.com/@ethersproject/units/-/units-5.5.0.tgz#104d02db5b5dc42cc672cc4587bafb87a95ee45e"
  integrity sha512-7+DpjiZk4v6wrikj+TCyWWa9dXLNU73tSTa7n0TSJDxkYbV3Yf1eRh9ToMLlZtuctNYu9RDNNy2USq3AdqSbag==
  dependencies:
    "@ethersproject/bignumber" "^5.5.0"
    "@ethersproject/constants" "^5.5.0"
    "@ethersproject/logger" "^5.5.0"

"@ethersproject/wallet@5.5.0":
  version "5.5.0"
  resolved "https://registry.yarnpkg.com/@ethersproject/wallet/-/wallet-5.5.0.tgz#322a10527a440ece593980dca6182f17d54eae75"
  integrity sha512-Mlu13hIctSYaZmUOo7r2PhNSd8eaMPVXe1wxrz4w4FCE4tDYBywDH+bAR1Xz2ADyXGwqYMwstzTrtUVIsKDO0Q==
  dependencies:
    "@ethersproject/abstract-provider" "^5.5.0"
    "@ethersproject/abstract-signer" "^5.5.0"
    "@ethersproject/address" "^5.5.0"
    "@ethersproject/bignumber" "^5.5.0"
    "@ethersproject/bytes" "^5.5.0"
    "@ethersproject/hash" "^5.5.0"
    "@ethersproject/hdnode" "^5.5.0"
    "@ethersproject/json-wallets" "^5.5.0"
    "@ethersproject/keccak256" "^5.5.0"
    "@ethersproject/logger" "^5.5.0"
    "@ethersproject/properties" "^5.5.0"
    "@ethersproject/random" "^5.5.0"
    "@ethersproject/signing-key" "^5.5.0"
    "@ethersproject/transactions" "^5.5.0"
    "@ethersproject/wordlists" "^5.5.0"

"@ethersproject/web@5.5.1", "@ethersproject/web@^5.5.0":
  version "5.5.1"
  resolved "https://registry.yarnpkg.com/@ethersproject/web/-/web-5.5.1.tgz#cfcc4a074a6936c657878ac58917a61341681316"
  integrity sha512-olvLvc1CB12sREc1ROPSHTdFCdvMh0J5GSJYiQg2D0hdD4QmJDy8QYDb1CvoqD/bF1c++aeKv2sR5uduuG9dQg==
  dependencies:
    "@ethersproject/base64" "^5.5.0"
    "@ethersproject/bytes" "^5.5.0"
    "@ethersproject/logger" "^5.5.0"
    "@ethersproject/properties" "^5.5.0"
    "@ethersproject/strings" "^5.5.0"

"@ethersproject/wordlists@5.5.0", "@ethersproject/wordlists@^5.5.0":
  version "5.5.0"
  resolved "https://registry.yarnpkg.com/@ethersproject/wordlists/-/wordlists-5.5.0.tgz#aac74963aa43e643638e5172353d931b347d584f"
  integrity sha512-bL0UTReWDiaQJJYOC9sh/XcRu/9i2jMrzf8VLRmPKx58ckSlOJiohODkECCO50dtLZHcGU6MLXQ4OOrgBwP77Q==
  dependencies:
    "@ethersproject/bytes" "^5.5.0"
    "@ethersproject/hash" "^5.5.0"
    "@ethersproject/logger" "^5.5.0"
    "@ethersproject/properties" "^5.5.0"
    "@ethersproject/strings" "^5.5.0"

"@nodelib/fs.scandir@2.1.5":
  version "2.1.5"
  resolved "https://registry.yarnpkg.com/@nodelib/fs.scandir/-/fs.scandir-2.1.5.tgz#7619c2eb21b25483f6d167548b4cfd5a7488c3d5"
  integrity sha512-vq24Bq3ym5HEQm2NKCr3yXDwjc7vTsEThRDnkp2DK9p1uqLR+DHurm/NOTo0KG7HYHU7eppKZj3MyqYuMBf62g==
  dependencies:
    "@nodelib/fs.stat" "2.0.5"
    run-parallel "^1.1.9"

"@nodelib/fs.stat@2.0.5", "@nodelib/fs.stat@^2.0.2":
  version "2.0.5"
  resolved "https://registry.yarnpkg.com/@nodelib/fs.stat/-/fs.stat-2.0.5.tgz#5bd262af94e9d25bd1e71b05deed44876a222e8b"
  integrity sha512-RkhPPp2zrqDAQA/2jNhnztcPAlv64XdhIp7a7454A5ovI7Bukxgt7MX7udwAu3zg1DcpPU0rz3VV1SeaqvY4+A==

"@nodelib/fs.walk@^1.2.3":
  version "1.2.8"
  resolved "https://registry.yarnpkg.com/@nodelib/fs.walk/-/fs.walk-1.2.8.tgz#e95737e8bb6746ddedf69c556953494f196fe69a"
  integrity sha512-oGB+UxlgWcgQkgwo8GcEGwemoTFt3FIO9ababBmaGwXIoBKZ+GTy0pP185beGg7Llih/NSHSV2XAs1lnznocSg==
  dependencies:
    "@nodelib/fs.scandir" "2.1.5"
    fastq "^1.6.0"

"@swc/cli@^0.1.55":
  version "0.1.55"
  resolved "https://registry.yarnpkg.com/@swc/cli/-/cli-0.1.55.tgz#6c00b836ae56f35b4a5243f7fad5f9674470b016"
  integrity sha512-akkLuRexFq8XTi6JNZ27mXD4wcKXLDSLj4g7YMU+/upFM8IeD1IEp1Mxtre7MzCZn+QOQgPF8N8IReJoHuSn3g==
  dependencies:
    commander "^7.1.0"
    fast-glob "^3.2.5"
    slash "3.0.0"
    source-map "^0.7.3"

"@swc/core-android-arm-eabi@1.2.136":
  version "1.2.136"
  resolved "https://registry.yarnpkg.com/@swc/core-android-arm-eabi/-/core-android-arm-eabi-1.2.136.tgz#9df2f919323e9ce2e38840a828f7df1eb474a542"
  integrity sha512-4K4e6S7yxHCxpjMmkAEyA+2uKD2cqywC6/KET8XGSr7Oe/wEJr4Pmybfnm4JyaL+f8LYoYyabfZsQhByL5W7/A==

"@swc/core-android-arm64@1.2.136":
  version "1.2.136"
  resolved "https://registry.yarnpkg.com/@swc/core-android-arm64/-/core-android-arm64-1.2.136.tgz#d9b727a56d88ea240b016e77e49b61587576b6b9"
  integrity sha512-SLc2/xGwoBI8fqMke7dXsXp2EaHViL6kCD3W9WhNsKsLNvF+eHQGmW6ACPWn8LqQeOO2UkuCSGJbXlx2MuvOOw==

"@swc/core-darwin-arm64@1.2.136":
  version "1.2.136"
  resolved "https://registry.yarnpkg.com/@swc/core-darwin-arm64/-/core-darwin-arm64-1.2.136.tgz#7b55a922aa2558a4f3877bdf16194734f953dde9"
  integrity sha512-TzWDniAD/+gO4Yp9QHrxN/q4+zT+DysLCJ0G+b5wxKI5h/PrAHkAyWLMARupA9QPKLxJuR3lbsZ5opJrtxI8gw==

"@swc/core-darwin-x64@1.2.136":
  version "1.2.136"
  resolved "https://registry.yarnpkg.com/@swc/core-darwin-x64/-/core-darwin-x64-1.2.136.tgz#db8d6b2f667125d7112e0b5718b2bde09840da57"
  integrity sha512-ZyfjXU5mtLURBuxJUlIXZI0I4zyDDgQ4EMF4zDn6EQWUFx5pLvzeG0PXZZIc58vuo0vCxVt4MJXWWVHx6vyGUw==

"@swc/core-freebsd-x64@1.2.136":
  version "1.2.136"
  resolved "https://registry.yarnpkg.com/@swc/core-freebsd-x64/-/core-freebsd-x64-1.2.136.tgz#d4baf7258dec7291d5e5509b728d220ac90a0d00"
  integrity sha512-KDZYuuwN8m0eXw96M1StisNORDFyZm54+INYNo8ciRfFE2ri+PImx/evuTxAeOM6mMYJG9z69w0uQU+u4+LsIA==

"@swc/core-linux-arm-gnueabihf@1.2.136":
  version "1.2.136"
  resolved "https://registry.yarnpkg.com/@swc/core-linux-arm-gnueabihf/-/core-linux-arm-gnueabihf-1.2.136.tgz#076a144aea2ce6e6bacb57914fde2b1af14a19a7"
  integrity sha512-n0WgdxIT3h3WobdfZ7XYmg+vEpgTDv5O+0HIBUBSm1OahUau07NQgw4H4KNTfK2XbYl0+mpRIMLCadxechbNlQ==

"@swc/core-linux-arm64-gnu@1.2.136":
  version "1.2.136"
  resolved "https://registry.yarnpkg.com/@swc/core-linux-arm64-gnu/-/core-linux-arm64-gnu-1.2.136.tgz#111a008e54d1e38b33a0d3d3134309a002f6a3b7"
  integrity sha512-B9vuahX64AYMID6MY6B2OpYiEUytcXIJCrdJwviQxF+29+xQippygrzkqq+lw2O8K0EsSXf7UvfZrz2M1DHcmA==

"@swc/core-linux-arm64-musl@1.2.136":
  version "1.2.136"
  resolved "https://registry.yarnpkg.com/@swc/core-linux-arm64-musl/-/core-linux-arm64-musl-1.2.136.tgz#86d3a207ba519ce38410bb0f896baa6279de4051"
  integrity sha512-XxRIa3kMXlekFGQ5VDqJ4CsBmk4v61kt2rgPLjposxehuXBXXO80OiIgd/iRbEmbhwLveE8Ar+zGAMYjUp1YjQ==

"@swc/core-linux-x64-gnu@1.2.136":
  version "1.2.136"
  resolved "https://registry.yarnpkg.com/@swc/core-linux-x64-gnu/-/core-linux-x64-gnu-1.2.136.tgz#91a44b439743e59b1e1d649a87032db44d2214d3"
  integrity sha512-lTyh8d7xGcReOnA7R/hj8jtkLs67U9ut1d9sc/ogyD6FXcGuYoHcLsBn2A4cp2Q5fMtRfTZQyZznpYz9RrLoIw==

"@swc/core-linux-x64-musl@1.2.136":
  version "1.2.136"
  resolved "https://registry.yarnpkg.com/@swc/core-linux-x64-musl/-/core-linux-x64-musl-1.2.136.tgz#0bdde1359245642f6126d6f62e8abe0a1c791f0a"
  integrity sha512-mzX8eqsjEUr7rRZx2QWIqyBcd3/OEcDn/R7xO7HBM7OyzzdF+lbDYimZDiyvuw+uxTbHEUcBV975vSkcEEUNQw==

"@swc/core-win32-arm64-msvc@1.2.136":
  version "1.2.136"
  resolved "https://registry.yarnpkg.com/@swc/core-win32-arm64-msvc/-/core-win32-arm64-msvc-1.2.136.tgz#57cca9f320288d619746d8737293c809aabeb15d"
  integrity sha512-87VOZVwOy8qLQPFisajPq7Y6iGzi/LM2bA9rFgi1MQvfyRV+vasUlN42z4OnPb2DjSprNcce+Hci3KswZbytAA==

"@swc/core-win32-ia32-msvc@1.2.136":
  version "1.2.136"
  resolved "https://registry.yarnpkg.com/@swc/core-win32-ia32-msvc/-/core-win32-ia32-msvc-1.2.136.tgz#7f9e365a7178319086404cf24dd7206bd5b43ded"
  integrity sha512-MHHp90G2Y5MT7ewqr6f4sGZxyHoazKyq/2fvIESyFUVUzPZQW2vLIX8VBwkB1FDdaUkAL0FJYPfP2lBEUEfCaw==

"@swc/core-win32-x64-msvc@1.2.136":
  version "1.2.136"
  resolved "https://registry.yarnpkg.com/@swc/core-win32-x64-msvc/-/core-win32-x64-msvc-1.2.136.tgz#94e07fd89cc32e3dc2b00c47d9c2525c4b0eb07f"
  integrity sha512-67HHUWyqI91H4yRFNx03ByTHn9lkGZ19IEzF9GxfGpG7SYjip08hhs6ksbvlQeecHIz/V5undouEIHRwBQJCUA==

"@swc/core@^1.2.136":
  version "1.2.136"
  resolved "https://registry.yarnpkg.com/@swc/core/-/core-1.2.136.tgz#bb5f189b8199050249dbe1c401eba459caea2e8e"
  integrity sha512-7B3Tyxqn2LHmKhRtUe1FvwEHoQpVCNWhf39KirHIlTs8DMjNKllVws/v5wXXAkKxU9M1Wo/RTpZMJZb40bxn3g==
  optionalDependencies:
    "@swc/core-android-arm-eabi" "1.2.136"
    "@swc/core-android-arm64" "1.2.136"
    "@swc/core-darwin-arm64" "1.2.136"
    "@swc/core-darwin-x64" "1.2.136"
    "@swc/core-freebsd-x64" "1.2.136"
    "@swc/core-linux-arm-gnueabihf" "1.2.136"
    "@swc/core-linux-arm64-gnu" "1.2.136"
    "@swc/core-linux-arm64-musl" "1.2.136"
    "@swc/core-linux-x64-gnu" "1.2.136"
    "@swc/core-linux-x64-musl" "1.2.136"
    "@swc/core-win32-arm64-msvc" "1.2.136"
    "@swc/core-win32-ia32-msvc" "1.2.136"
    "@swc/core-win32-x64-msvc" "1.2.136"

"@tsconfig/node16@^1.0.2":
  version "1.0.2"
  resolved "https://registry.yarnpkg.com/@tsconfig/node16/-/node16-1.0.2.tgz#423c77877d0569db20e1fc80885ac4118314010e"
  integrity sha512-eZxlbI8GZscaGS7kkc/trHTT5xgrjH3/1n2JDwusC9iahPKWMRvRjJSAN5mCXviuTGQ/lHnhvv8Q1YTpnfz9gA==

"@types/node@^17.0.15":
  version "17.0.15"
  resolved "https://registry.yarnpkg.com/@types/node/-/node-17.0.15.tgz#97779282c09c09577120a2162e71d8380003590a"
  integrity sha512-zWt4SDDv1S9WRBNxLFxFRHxdD9tvH8f5/kg5/IaLFdnSNXsDY4eL3Q3XXN+VxUnWIhyVFDwcsmAprvwXoM/ClA==

aes-js@3.0.0:
  version "3.0.0"
  resolved "https://registry.yarnpkg.com/aes-js/-/aes-js-3.0.0.tgz#e21df10ad6c2053295bcbb8dab40b09dbea87e4d"
  integrity sha1-4h3xCtbCBTKVvLuNq0Cwnb6ofk0=

bech32@1.1.4:
  version "1.1.4"
  resolved "https://registry.yarnpkg.com/bech32/-/bech32-1.1.4.tgz#e38c9f37bf179b8eb16ae3a772b40c356d4832e9"
  integrity sha512-s0IrSOzLlbvX7yp4WBfPITzpAU8sqQcpsmwXDiKwrG4r491vwCO/XpejasRNl0piBMe/DvP4Tz0mIS/X1DPJBQ==

bn.js@^4.11.9:
  version "4.12.0"
  resolved "https://registry.yarnpkg.com/bn.js/-/bn.js-4.12.0.tgz#775b3f278efbb9718eec7361f483fb36fbbfea88"
  integrity sha512-c98Bf3tPniI+scsdk237ku1Dc3ujXQTSgyiPUDEOe7tRkhrqridvh8klBv0HCEso1OLOYcHuCv/cS6DNxKH+ZA==

braces@^3.0.1:
  version "3.0.2"
  resolved "https://registry.yarnpkg.com/braces/-/braces-3.0.2.tgz#3454e1a462ee8d599e236df336cd9ea4f8afe107"
  integrity sha512-b8um+L1RzM3WDSzvhm6gIz1yfTbBt6YTlcEKAvsmqCZZFw46z626lVj9j1yEPW33H5H+lBQpZMP1k8l+78Ha0A==
  dependencies:
    fill-range "^7.0.1"

brorand@^1.1.0:
  version "1.1.0"
  resolved "https://registry.yarnpkg.com/brorand/-/brorand-1.1.0.tgz#12c25efe40a45e3c323eb8675a0a0ce57b22371f"
  integrity sha1-EsJe/kCkXjwyPrhnWgoM5XsiNx8=

commander@^7.1.0:
  version "7.2.0"
  resolved "https://registry.yarnpkg.com/commander/-/commander-7.2.0.tgz#a36cb57d0b501ce108e4d20559a150a391d97ab7"
  integrity sha512-QrWXB+ZQSVPmIWIhtEO9H+gwHaMGYiF5ChvoJ+K9ZGHG/sVsa6yiesAD1GC/x46sET00Xlwo1u49RVVVzvcSkw==

cross-fetch@^3.1.5:
  version "3.1.5"
  resolved "https://registry.yarnpkg.com/cross-fetch/-/cross-fetch-3.1.5.tgz#e1389f44d9e7ba767907f7af8454787952ab534f"
  integrity sha512-lvb1SBsI0Z7GDwmuid+mU3kWVBwTVUbe7S0H52yaaAdQOXq2YktTCZdlAcNKFzE6QtRz0snpw9bNiPeOIkkQvw==
  dependencies:
    node-fetch "2.6.7"

elliptic@6.5.4:
  version "6.5.4"
  resolved "https://registry.yarnpkg.com/elliptic/-/elliptic-6.5.4.tgz#da37cebd31e79a1367e941b592ed1fbebd58abbb"
  integrity sha512-iLhC6ULemrljPZb+QutR5TQGB+pdW6KGD5RSegS+8sorOZT+rdQFbsQFJgvN3eRqNALqJer4oQ16YvJHlU8hzQ==
  dependencies:
    bn.js "^4.11.9"
    brorand "^1.1.0"
    hash.js "^1.0.0"
    hmac-drbg "^1.0.1"
    inherits "^2.0.4"
    minimalistic-assert "^1.0.1"
    minimalistic-crypto-utils "^1.0.1"

ethers@^5.5.4:
  version "5.5.4"
  resolved "https://registry.yarnpkg.com/ethers/-/ethers-5.5.4.tgz#e1155b73376a2f5da448e4a33351b57a885f4352"
  integrity sha512-N9IAXsF8iKhgHIC6pquzRgPBJEzc9auw3JoRkaKe+y4Wl/LFBtDDunNe7YmdomontECAcC5APaAgWZBiu1kirw==
  dependencies:
    "@ethersproject/abi" "5.5.0"
    "@ethersproject/abstract-provider" "5.5.1"
    "@ethersproject/abstract-signer" "5.5.0"
    "@ethersproject/address" "5.5.0"
    "@ethersproject/base64" "5.5.0"
    "@ethersproject/basex" "5.5.0"
    "@ethersproject/bignumber" "5.5.0"
    "@ethersproject/bytes" "5.5.0"
    "@ethersproject/constants" "5.5.0"
    "@ethersproject/contracts" "5.5.0"
    "@ethersproject/hash" "5.5.0"
    "@ethersproject/hdnode" "5.5.0"
    "@ethersproject/json-wallets" "5.5.0"
    "@ethersproject/keccak256" "5.5.0"
    "@ethersproject/logger" "5.5.0"
    "@ethersproject/networks" "5.5.2"
    "@ethersproject/pbkdf2" "5.5.0"
    "@ethersproject/properties" "5.5.0"
    "@ethersproject/providers" "5.5.3"
    "@ethersproject/random" "5.5.1"
    "@ethersproject/rlp" "5.5.0"
    "@ethersproject/sha2" "5.5.0"
    "@ethersproject/signing-key" "5.5.0"
    "@ethersproject/solidity" "5.5.0"
    "@ethersproject/strings" "5.5.0"
    "@ethersproject/transactions" "5.5.0"
    "@ethersproject/units" "5.5.0"
    "@ethersproject/wallet" "5.5.0"
    "@ethersproject/web" "5.5.1"
    "@ethersproject/wordlists" "5.5.0"

fast-glob@^3.2.5:
  version "3.2.11"
  resolved "https://registry.yarnpkg.com/fast-glob/-/fast-glob-3.2.11.tgz#a1172ad95ceb8a16e20caa5c5e56480e5129c1d9"
  integrity sha512-xrO3+1bxSo3ZVHAnqzyuewYT6aMFHRAd4Kcs92MAonjwQZLsK9d0SF1IyQ3k5PoirxTW0Oe/RqFgMQ6TcNE5Ew==
  dependencies:
    "@nodelib/fs.stat" "^2.0.2"
    "@nodelib/fs.walk" "^1.2.3"
    glob-parent "^5.1.2"
    merge2 "^1.3.0"
    micromatch "^4.0.4"

fastq@^1.6.0:
  version "1.13.0"
  resolved "https://registry.yarnpkg.com/fastq/-/fastq-1.13.0.tgz#616760f88a7526bdfc596b7cab8c18938c36b98c"
  integrity sha512-YpkpUnK8od0o1hmeSc7UUs/eB/vIPWJYjKck2QKIzAf71Vm1AAQ3EbuZB3g2JIy+pg+ERD0vqI79KyZiB2e2Nw==
  dependencies:
    reusify "^1.0.4"

fill-range@^7.0.1:
  version "7.0.1"
  resolved "https://registry.yarnpkg.com/fill-range/-/fill-range-7.0.1.tgz#1919a6a7c75fe38b2c7c77e5198535da9acdda40"
  integrity sha512-qOo9F+dMUmC2Lcb4BbVvnKJxTPjCm+RRpe4gDuGrzkL7mEVl/djYSu2OdQ2Pa302N4oqkSg9ir6jaLWJ2USVpQ==
  dependencies:
    to-regex-range "^5.0.1"

glob-parent@^5.1.2:
  version "5.1.2"
  resolved "https://registry.yarnpkg.com/glob-parent/-/glob-parent-5.1.2.tgz#869832c58034fe68a4093c17dc15e8340d8401c4"
  integrity sha512-AOIgSQCepiJYwP3ARnGx+5VnTu2HBYdzbGP45eLw1vr3zB3vZLeyed1sC9hnbcOc9/SrMyM5RPQrkGz4aS9Zow==
  dependencies:
    is-glob "^4.0.1"

hash.js@1.1.7, hash.js@^1.0.0, hash.js@^1.0.3:
  version "1.1.7"
  resolved "https://registry.yarnpkg.com/hash.js/-/hash.js-1.1.7.tgz#0babca538e8d4ee4a0f8988d68866537a003cf42"
  integrity sha512-taOaskGt4z4SOANNseOviYDvjEJinIkRgmp7LbKP2YTTmVxWBl87s/uzK9r+44BclBSp2X7K1hqeNfz9JbBeXA==
  dependencies:
    inherits "^2.0.3"
    minimalistic-assert "^1.0.1"

hmac-drbg@^1.0.1:
  version "1.0.1"
  resolved "https://registry.yarnpkg.com/hmac-drbg/-/hmac-drbg-1.0.1.tgz#d2745701025a6c775a6c545793ed502fc0c649a1"
  integrity sha1-0nRXAQJabHdabFRXk+1QL8DGSaE=
  dependencies:
    hash.js "^1.0.3"
    minimalistic-assert "^1.0.0"
    minimalistic-crypto-utils "^1.0.1"

inherits@^2.0.3, inherits@^2.0.4:
  version "2.0.4"
  resolved "https://registry.yarnpkg.com/inherits/-/inherits-2.0.4.tgz#0fa2c64f932917c3433a0ded55363aae37416b7c"
  integrity sha512-k/vGaX4/Yla3WzyMCvTQOXYeIHvqOKtnqBduzTHpzpQZzAskKMhZ2K+EnBiSM9zGSoIFeMpXKxa4dYeZIQqewQ==

is-extglob@^2.1.1:
  version "2.1.1"
  resolved "https://registry.yarnpkg.com/is-extglob/-/is-extglob-2.1.1.tgz#a88c02535791f02ed37c76a1b9ea9773c833f8c2"
  integrity sha1-qIwCU1eR8C7TfHahueqXc8gz+MI=

is-glob@^4.0.1:
  version "4.0.3"
  resolved "https://registry.yarnpkg.com/is-glob/-/is-glob-4.0.3.tgz#64f61e42cbbb2eec2071a9dac0b28ba1e65d5084"
  integrity sha512-xelSayHH36ZgE7ZWhli7pW34hNbNl8Ojv5KVmkJD4hBdD3th8Tfk9vYasLM+mXWOZhFkgZfxhLSnrwRr4elSSg==
  dependencies:
    is-extglob "^2.1.1"

is-number@^7.0.0:
  version "7.0.0"
  resolved "https://registry.yarnpkg.com/is-number/-/is-number-7.0.0.tgz#7535345b896734d5f80c4d06c50955527a14f12b"
  integrity sha512-41Cifkg6e8TylSpdtTpeLVMqvSBEVzTttHvERD741+pnZ8ANv0004MRL43QKPDlK9cGvNp6NZWZUBlbGXYxxng==

js-sha3@0.8.0:
  version "0.8.0"
  resolved "https://registry.yarnpkg.com/js-sha3/-/js-sha3-0.8.0.tgz#b9b7a5da73afad7dedd0f8c463954cbde6818840"
  integrity sha512-gF1cRrHhIzNfToc802P800N8PpXS+evLLXfsVpowqmAFR9uwbi89WvXg2QspOmXL8QL86J4T1EpFu+yUkwJY3Q==

merge2@^1.3.0:
  version "1.4.1"
  resolved "https://registry.yarnpkg.com/merge2/-/merge2-1.4.1.tgz#4368892f885e907455a6fd7dc55c0c9d404990ae"
  integrity sha512-8q7VEgMJW4J8tcfVPy8g09NcQwZdbwFEqhe/WZkoIzjn/3TGDwtOCYtXGxA3O8tPzpczCCDgv+P2P5y00ZJOOg==

micromatch@^4.0.4:
  version "4.0.4"
  resolved "https://registry.yarnpkg.com/micromatch/-/micromatch-4.0.4.tgz#896d519dfe9db25fce94ceb7a500919bf881ebf9"
  integrity sha512-pRmzw/XUcwXGpD9aI9q/0XOwLNygjETJ8y0ao0wdqprrzDa4YnxLcz7fQRZr8voh8V10kGhABbNcHVk5wHgWwg==
  dependencies:
    braces "^3.0.1"
    picomatch "^2.2.3"

minimalistic-assert@^1.0.0, minimalistic-assert@^1.0.1:
  version "1.0.1"
  resolved "https://registry.yarnpkg.com/minimalistic-assert/-/minimalistic-assert-1.0.1.tgz#2e194de044626d4a10e7f7fbc00ce73e83e4d5c7"
  integrity sha512-UtJcAD4yEaGtjPezWuO9wC4nwUnVH/8/Im3yEHQP4b67cXlD/Qr9hdITCU1xDbSEXg2XKNaP8jsReV7vQd00/A==

minimalistic-crypto-utils@^1.0.1:
  version "1.0.1"
  resolved "https://registry.yarnpkg.com/minimalistic-crypto-utils/-/minimalistic-crypto-utils-1.0.1.tgz#f6c00c1c0b082246e5c4d99dfb8c7c083b2b582a"
  integrity sha1-9sAMHAsIIkblxNmd+4x8CDsrWCo=

node-fetch@2.6.7:
  version "2.6.7"
  resolved "https://registry.yarnpkg.com/node-fetch/-/node-fetch-2.6.7.tgz#24de9fba827e3b4ae44dc8b20256a379160052ad"
  integrity sha512-ZjMPFEfVx5j+y2yF35Kzx5sF7kDzxuDj6ziH4FFbOp87zKDZNx8yExJIb05OGF4Nlt9IHFIMBkRl41VdvcNdbQ==
  dependencies:
    whatwg-url "^5.0.0"

picomatch@^2.2.3:
  version "2.3.1"
  resolved "https://registry.yarnpkg.com/picomatch/-/picomatch-2.3.1.tgz#3ba3833733646d9d3e4995946c1365a67fb07a42"
  integrity sha512-JU3teHTNjmE2VCGFzuY8EXzCDVwEqB2a8fsIvwaStHhAWJEeVd1o1QD80CU6+ZdEXXSLbSsuLwJjkCBWqRQUVA==

prettier@^2.5.1:
  version "2.5.1"
  resolved "https://registry.yarnpkg.com/prettier/-/prettier-2.5.1.tgz#fff75fa9d519c54cf0fce328c1017d94546bc56a"
  integrity sha512-vBZcPRUR5MZJwoyi3ZoyQlc1rXeEck8KgeC9AwwOn+exuxLxq5toTRDTSaVrXHxelDMHy9zlicw8u66yxoSUFg==

queue-microtask@^1.2.2:
  version "1.2.3"
  resolved "https://registry.yarnpkg.com/queue-microtask/-/queue-microtask-1.2.3.tgz#4929228bbc724dfac43e0efb058caf7b6cfb6243"
  integrity sha512-NuaNSa6flKT5JaSYQzJok04JzTL1CA6aGhv5rfLW3PgqA+M2ChpZQnAC8h8i4ZFkBS8X5RqkDBHA7r4hej3K9A==

reusify@^1.0.4:
  version "1.0.4"
  resolved "https://registry.yarnpkg.com/reusify/-/reusify-1.0.4.tgz#90da382b1e126efc02146e90845a88db12925d76"
  integrity sha512-U9nH88a3fc/ekCF1l0/UP1IosiuIjyTh7hBvXVMHYgVcfGvt897Xguj2UOLDeI5BG2m7/uwyaLVT6fbtCwTyzw==

run-parallel@^1.1.9:
  version "1.2.0"
  resolved "https://registry.yarnpkg.com/run-parallel/-/run-parallel-1.2.0.tgz#66d1368da7bdf921eb9d95bd1a9229e7f21a43ee"
  integrity sha512-5l4VyZR86LZ/lDxZTR6jqL8AFE2S0IFLMP26AbjsLVADxHdhB/c0GUsH+y39UfCi3dzz8OlQuPmnaJOMoDHQBA==
  dependencies:
    queue-microtask "^1.2.2"

scrypt-js@3.0.1:
  version "3.0.1"
  resolved "https://registry.yarnpkg.com/scrypt-js/-/scrypt-js-3.0.1.tgz#d314a57c2aef69d1ad98a138a21fe9eafa9ee312"
  integrity sha512-cdwTTnqPu0Hyvf5in5asVdZocVDTNRmR7XEcJuIzMjJeSHybHl7vpB66AzwTaIg6CLSbtjcxc8fqcySfnTkccA==

slash@3.0.0:
  version "3.0.0"
  resolved "https://registry.yarnpkg.com/slash/-/slash-3.0.0.tgz#6539be870c165adbd5240220dbe361f1bc4d4634"
  integrity sha512-g9Q1haeby36OSStwb4ntCGGGaKsaVSjQ68fBxoQcutl5fS1vuY18H3wSt3jFyFtrkx+Kz0V1G85A4MyAdDMi2Q==

source-map@^0.7.3:
  version "0.7.3"
  resolved "https://registry.yarnpkg.com/source-map/-/source-map-0.7.3.tgz#5302f8169031735226544092e64981f751750383"
  integrity sha512-CkCj6giN3S+n9qrYiBTX5gystlENnRW5jZeNLHpe6aue+SrHcG5VYwujhW9s4dY31mEGsxBDrHR6oI69fTXsaQ==

to-regex-range@^5.0.1:
  version "5.0.1"
  resolved "https://registry.yarnpkg.com/to-regex-range/-/to-regex-range-5.0.1.tgz#1648c44aae7c8d988a326018ed72f5b4dd0392e4"
  integrity sha512-65P7iz6X5yEr1cwcgvQxbbIw7Uk3gOy5dIdtZ4rDveLqhrdJP+Li/Hx6tyK0NEb+2GCyneCMJiGqrADCSNk8sQ==
  dependencies:
    is-number "^7.0.0"

tr46@~0.0.3:
  version "0.0.3"
  resolved "https://registry.yarnpkg.com/tr46/-/tr46-0.0.3.tgz#8184fd347dac9cdc185992f3a6622e14b9d9ab6a"
  integrity sha1-gYT9NH2snNwYWZLzpmIuFLnZq2o=

typescript@^4.5.5:
  version "4.5.5"
  resolved "https://registry.yarnpkg.com/typescript/-/typescript-4.5.5.tgz#d8c953832d28924a9e3d37c73d729c846c5896f3"
  integrity sha512-TCTIul70LyWe6IJWT8QSYeA54WQe8EjQFU4wY52Fasj5UKx88LNYKCgBEHcOMOrFF1rKGbD8v/xcNWVUq9SymA==

webidl-conversions@^3.0.0:
  version "3.0.1"
  resolved "https://registry.yarnpkg.com/webidl-conversions/-/webidl-conversions-3.0.1.tgz#24534275e2a7bc6be7bc86611cc16ae0a5654871"
  integrity sha1-JFNCdeKnvGvnvIZhHMFq4KVlSHE=

whatwg-url@^5.0.0:
  version "5.0.0"
  resolved "https://registry.yarnpkg.com/whatwg-url/-/whatwg-url-5.0.0.tgz#966454e8765462e37644d3626f6742ce8b70965d"
  integrity sha1-lmRU6HZUYuN2RNNib2dCzotwll0=
  dependencies:
    tr46 "~0.0.3"
    webidl-conversions "^3.0.0"

ws@7.4.6:
  version "7.4.6"
  resolved "https://registry.yarnpkg.com/ws/-/ws-7.4.6.tgz#5654ca8ecdeee47c33a9a4bf6d28e2be2980377c"
  integrity sha512-YmhHDO4MzaDLB+M9ym/mDA5z0naX8j7SIlT8f8z+I0VtzsRbekxEutHSme7NPS2qE8StCYQNUnfWdXta/Yu85A==
